
Microsoft Visual Studio Solution File, Format Version 12.00
# Visual Studio 15
VisualStudioVersion = 15.0.28307.572
MinimumVisualStudioVersion = 10.0.40219.1
Project("{FAE04EC0-301F-11D3-BF4B-00C04F79EFBC}") = "Lands.Android", "Lands\Lands.Android\Lands.Android.csproj", "{78B67EAC-4569-40C0-911F-A8195E5EBC42}"
EndProject
Project("{FAE04EC0-301F-11D3-BF4B-00C04F79EFBC}") = "Lands.iOS", "Lands\Lands.iOS\Lands.iOS.csproj", "{2551DF29-8162-441E-B02C-4C26A89FB106}"
EndProject
Project("{9A19103F-16F7-4668-BE54-9A1E7A4F7556}") = "Lands", "Lands\Lands\Lands.csproj", "{2D0D5BCA-3070-4283-BD49-979F8F10EC6A}"
EndProject
Project("{FAE04EC0-301F-11D3-BF4B-00C04F79EFBC}") = "Lands.Domain", "Lands.Domain\Lands.Domain.csproj", "{B01F5A71-8117-40EE-B9C5-D269AF31603A}"
EndProject
Project("{FAE04EC0-301F-11D3-BF4B-00C04F79EFBC}") = "Lands.Backend", "Lands.Backend\Lands.Backend.csproj", "{93B6CFEC-3932-496C-933E-A08800660DE2}"
EndProject
Project("{FAE04EC0-301F-11D3-BF4B-00C04F79EFBC}") = "Lands.API", "Lands.API\Lands.API.csproj", "{1DAE855D-6A41-401D-A7B5-EB0BC087CB01}"
EndProject
Global
	GlobalSection(SolutionConfigurationPlatforms) = preSolution
		Ad-Hoc|Any CPU = Ad-Hoc|Any CPU
		Ad-Hoc|iPhone = Ad-Hoc|iPhone
		Ad-Hoc|iPhoneSimulator = Ad-Hoc|iPhoneSimulator
		AppStore|Any CPU = AppStore|Any CPU
		AppStore|iPhone = AppStore|iPhone
		AppStore|iPhoneSimulator = AppStore|iPhoneSimulator
		Debug|Any CPU = Debug|Any CPU
		Debug|iPhone = Debug|iPhone
		Debug|iPhoneSimulator = Debug|iPhoneSimulator
		Release|Any CPU = Release|Any CPU
		Release|iPhone = Release|iPhone
		Release|iPhoneSimulator = Release|iPhoneSimulator
	EndGlobalSection
	GlobalSection(ProjectConfigurationPlatforms) = postSolution
		{78B67EAC-4569-40C0-911F-A8195E5EBC42}.Ad-Hoc|Any CPU.ActiveCfg = Release|Any CPU
		{78B67EAC-4569-40C0-911F-A8195E5EBC42}.Ad-Hoc|Any CPU.Build.0 = Release|Any CPU
		{78B67EAC-4569-40C0-911F-A8195E5EBC42}.Ad-Hoc|Any CPU.Deploy.0 = Release|Any CPU
		{78B67EAC-4569-40C0-911F-A8195E5EBC42}.Ad-Hoc|iPhone.ActiveCfg = Release|Any CPU
		{78B67EAC-4569-40C0-911F-A8195E5EBC42}.Ad-Hoc|iPhone.Build.0 = Release|Any CPU
		{78B67EAC-4569-40C0-911F-A8195E5EBC42}.Ad-Hoc|iPhone.Deploy.0 = Release|Any CPU
		{78B67EAC-4569-40C0-911F-A8195E5EBC42}.Ad-Hoc|iPhoneSimulator.ActiveCfg = Release|Any CPU
		{78B67EAC-4569-40C0-911F-A8195E5EBC42}.Ad-Hoc|iPhoneSimulator.Build.0 = Release|Any CPU
		{78B67EAC-4569-40C0-911F-A8195E5EBC42}.Ad-Hoc|iPhoneSimulator.Deploy.0 = Release|Any CPU
		{78B67EAC-4569-40C0-911F-A8195E5EBC42}.AppStore|Any CPU.ActiveCfg = Release|Any CPU
		{78B67EAC-4569-40C0-911F-A8195E5EBC42}.AppStore|Any CPU.Build.0 = Release|Any CPU
		{78B67EAC-4569-40C0-911F-A8195E5EBC42}.AppStore|Any CPU.Deploy.0 = Release|Any CPU
		{78B67EAC-4569-40C0-911F-A8195E5EBC42}.AppStore|iPhone.ActiveCfg = Release|Any CPU
		{78B67EAC-4569-40C0-911F-A8195E5EBC42}.AppStore|iPhone.Build.0 = Release|Any CPU
		{78B67EAC-4569-40C0-911F-A8195E5EBC42}.AppStore|iPhone.Deploy.0 = Release|Any CPU
		{78B67EAC-4569-40C0-911F-A8195E5EBC42}.AppStore|iPhoneSimulator.ActiveCfg = Release|Any CPU
		{78B67EAC-4569-40C0-911F-A8195E5EBC42}.AppStore|iPhoneSimulator.Build.0 = Release|Any CPU
		{78B67EAC-4569-40C0-911F-A8195E5EBC42}.AppStore|iPhoneSimulator.Deploy.0 = Release|Any CPU
		{78B67EAC-4569-40C0-911F-A8195E5EBC42}.Debug|Any CPU.ActiveCfg = Debug|Any CPU
		{78B67EAC-4569-40C0-911F-A8195E5EBC42}.Debug|Any CPU.Build.0 = Debug|Any CPU
		{78B67EAC-4569-40C0-911F-A8195E5EBC42}.Debug|Any CPU.Deploy.0 = Debug|Any CPU
		{78B67EAC-4569-40C0-911F-A8195E5EBC42}.Debug|iPhone.ActiveCfg = Debug|Any CPU
		{78B67EAC-4569-40C0-911F-A8195E5EBC42}.Debug|iPhone.Build.0 = Debug|Any CPU
		{78B67EAC-4569-40C0-911F-A8195E5EBC42}.Debug|iPhone.Deploy.0 = Debug|Any CPU
		{78B67EAC-4569-40C0-911F-A8195E5EBC42}.Debug|iPhoneSimulator.ActiveCfg = Debug|Any CPU
		{78B67EAC-4569-40C0-911F-A8195E5EBC42}.Debug|iPhoneSimulator.Build.0 = Debug|Any CPU
		{78B67EAC-4569-40C0-911F-A8195E5EBC42}.Debug|iPhoneSimulator.Deploy.0 = Debug|Any CPU
		{78B67EAC-4569-40C0-911F-A8195E5EBC42}.Release|Any CPU.ActiveCfg = Release|Any CPU
		{78B67EAC-4569-40C0-911F-A8195E5EBC42}.Release|Any CPU.Build.0 = Release|Any CPU
		{78B67EAC-4569-40C0-911F-A8195E5EBC42}.Release|Any CPU.Deploy.0 = Release|Any CPU
		{78B67EAC-4569-40C0-911F-A8195E5EBC42}.Release|iPhone.ActiveCfg = Release|Any CPU
		{78B67EAC-4569-40C0-911F-A8195E5EBC42}.Release|iPhone.Build.0 = Release|Any CPU
		{78B67EAC-4569-40C0-911F-A8195E5EBC42}.Release|iPhone.Deploy.0 = Release|Any CPU
		{78B67EAC-4569-40C0-911F-A8195E5EBC42}.Release|iPhoneSimulator.ActiveCfg = Release|Any CPU
		{78B67EAC-4569-40C0-911F-A8195E5EBC42}.Release|iPhoneSimulator.Build.0 = Release|Any CPU
		{78B67EAC-4569-40C0-911F-A8195E5EBC42}.Release|iPhoneSimulator.Deploy.0 = Release|Any CPU
		{2551DF29-8162-441E-B02C-4C26A89FB106}.Ad-Hoc|Any CPU.ActiveCfg = Ad-Hoc|iPhone
		{2551DF29-8162-441E-B02C-4C26A89FB106}.Ad-Hoc|Any CPU.Build.0 = Ad-Hoc|iPhone
		{2551DF29-8162-441E-B02C-4C26A89FB106}.Ad-Hoc|Any CPU.Deploy.0 = Ad-Hoc|iPhone
		{2551DF29-8162-441E-B02C-4C26A89FB106}.Ad-Hoc|iPhone.ActiveCfg = Ad-Hoc|iPhone
		{2551DF29-8162-441E-B02C-4C26A89FB106}.Ad-Hoc|iPhone.Build.0 = Ad-Hoc|iPhone
		{2551DF29-8162-441E-B02C-4C26A89FB106}.Ad-Hoc|iPhone.Deploy.0 = Ad-Hoc|iPhone
		{2551DF29-8162-441E-B02C-4C26A89FB106}.Ad-Hoc|iPhoneSimulator.ActiveCfg = Ad-Hoc|iPhoneSimulator
		{2551DF29-8162-441E-B02C-4C26A89FB106}.Ad-Hoc|iPhoneSimulator.Build.0 = Ad-Hoc|iPhoneSimulator
		{2551DF29-8162-441E-B02C-4C26A89FB106}.Ad-Hoc|iPhoneSimulator.Deploy.0 = Ad-Hoc|iPhoneSimulator
		{2551DF29-8162-441E-B02C-4C26A89FB106}.AppStore|Any CPU.ActiveCfg = AppStore|iPhone
		{2551DF29-8162-441E-B02C-4C26A89FB106}.AppStore|Any CPU.Build.0 = AppStore|iPhone
		{2551DF29-8162-441E-B02C-4C26A89FB106}.AppStore|Any CPU.Deploy.0 = AppStore|iPhone
		{2551DF29-8162-441E-B02C-4C26A89FB106}.AppStore|iPhone.ActiveCfg = AppStore|iPhone
		{2551DF29-8162-441E-B02C-4C26A89FB106}.AppStore|iPhone.Build.0 = AppStore|iPhone
		{2551DF29-8162-441E-B02C-4C26A89FB106}.AppStore|iPhone.Deploy.0 = AppStore|iPhone
		{2551DF29-8162-441E-B02C-4C26A89FB106}.AppStore|iPhoneSimulator.ActiveCfg = AppStore|iPhoneSimulator
		{2551DF29-8162-441E-B02C-4C26A89FB106}.AppStore|iPhoneSimulator.Build.0 = AppStore|iPhoneSimulator
		{2551DF29-8162-441E-B02C-4C26A89FB106}.AppStore|iPhoneSimulator.Deploy.0 = AppStore|iPhoneSimulator
		{2551DF29-8162-441E-B02C-4C26A89FB106}.Debug|Any CPU.ActiveCfg = Debug|iPhoneSimulator
		{2551DF29-8162-441E-B02C-4C26A89FB106}.Debug|Any CPU.Build.0 = Debug|iPhoneSimulator
		{2551DF29-8162-441E-B02C-4C26A89FB106}.Debug|Any CPU.Deploy.0 = Debug|iPhoneSimulator
		{2551DF29-8162-441E-B02C-4C26A89FB106}.Debug|iPhone.ActiveCfg = Debug|iPhone
		{2551DF29-8162-441E-B02C-4C26A89FB106}.Debug|iPhone.Build.0 = Debug|iPhone
		{2551DF29-8162-441E-B02C-4C26A89FB106}.Debug|iPhone.Deploy.0 = Debug|iPhone
		{2551DF29-8162-441E-B02C-4C26A89FB106}.Debug|iPhoneSimulator.ActiveCfg = Debug|iPhoneSimulator
		{2551DF29-8162-441E-B02C-4C26A89FB106}.Debug|iPhoneSimulator.Build.0 = Debug|iPhoneSimulator
		{2551DF29-8162-441E-B02C-4C26A89FB106}.Debug|iPhoneSimulator.Deploy.0 = Debug|iPhoneSimulator
		{2551DF29-8162-441E-B02C-4C26A89FB106}.Release|Any CPU.ActiveCfg = Release|iPhone
		{2551DF29-8162-441E-B02C-4C26A89FB106}.Release|Any CPU.Build.0 = Release|iPhone
		{2551DF29-8162-441E-B02C-4C26A89FB106}.Release|Any CPU.Deploy.0 = Release|iPhone
		{2551DF29-8162-441E-B02C-4C26A89FB106}.Release|iPhone.ActiveCfg = Release|iPhone
		{2551DF29-8162-441E-B02C-4C26A89FB106}.Release|iPhone.Build.0 = Release|iPhone
		{2551DF29-8162-441E-B02C-4C26A89FB106}.Release|iPhone.Deploy.0 = Release|iPhone
		{2551DF29-8162-441E-B02C-4C26A89FB106}.Release|iPhoneSimulator.ActiveCfg = Release|iPhoneSimulator
		{2551DF29-8162-441E-B02C-4C26A89FB106}.Release|iPhoneSimulator.Build.0 = Release|iPhoneSimulator
		{2551DF29-8162-441E-B02C-4C26A89FB106}.Release|iPhoneSimulator.Deploy.0 = Release|iPhoneSimulator
		{2D0D5BCA-3070-4283-BD49-979F8F10EC6A}.Ad-Hoc|Any CPU.ActiveCfg = Debug|Any CPU
		{2D0D5BCA-3070-4283-BD49-979F8F10EC6A}.Ad-Hoc|Any CPU.Build.0 = Debug|Any CPU
		{2D0D5BCA-3070-4283-BD49-979F8F10EC6A}.Ad-Hoc|Any CPU.Deploy.0 = Debug|Any CPU
		{2D0D5BCA-3070-4283-BD49-979F8F10EC6A}.Ad-Hoc|iPhone.ActiveCfg = Debug|Any CPU
		{2D0D5BCA-3070-4283-BD49-979F8F10EC6A}.Ad-Hoc|iPhone.Build.0 = Debug|Any CPU
		{2D0D5BCA-3070-4283-BD49-979F8F10EC6A}.Ad-Hoc|iPhone.Deploy.0 = Debug|Any CPU
		{2D0D5BCA-3070-4283-BD49-979F8F10EC6A}.Ad-Hoc|iPhoneSimulator.ActiveCfg = Debug|Any CPU
		{2D0D5BCA-3070-4283-BD49-979F8F10EC6A}.Ad-Hoc|iPhoneSimulator.Build.0 = Debug|Any CPU
		{2D0D5BCA-3070-4283-BD49-979F8F10EC6A}.Ad-Hoc|iPhoneSimulator.Deploy.0 = Debug|Any CPU
		{2D0D5BCA-3070-4283-BD49-979F8F10EC6A}.AppStore|Any CPU.ActiveCfg = Debug|Any CPU
		{2D0D5BCA-3070-4283-BD49-979F8F10EC6A}.AppStore|Any CPU.Build.0 = Debug|Any CPU
		{2D0D5BCA-3070-4283-BD49-979F8F10EC6A}.AppStore|Any CPU.Deploy.0 = Debug|Any CPU
		{2D0D5BCA-3070-4283-BD49-979F8F10EC6A}.AppStore|iPhone.ActiveCfg = Debug|Any CPU
		{2D0D5BCA-3070-4283-BD49-979F8F10EC6A}.AppStore|iPhone.Build.0 = Debug|Any CPU
		{2D0D5BCA-3070-4283-BD49-979F8F10EC6A}.AppStore|iPhone.Deploy.0 = Debug|Any CPU
		{2D0D5BCA-3070-4283-BD49-979F8F10EC6A}.AppStore|iPhoneSimulator.ActiveCfg = Debug|Any CPU
		{2D0D5BCA-3070-4283-BD49-979F8F10EC6A}.AppStore|iPhoneSimulator.Build.0 = Debug|Any CPU
		{2D0D5BCA-3070-4283-BD49-979F8F10EC6A}.AppStore|iPhoneSimulator.Deploy.0 = Debug|Any CPU
		{2D0D5BCA-3070-4283-BD49-979F8F10EC6A}.Debug|Any CPU.ActiveCfg = Debug|Any CPU
		{2D0D5BCA-3070-4283-BD49-979F8F10EC6A}.Debug|Any CPU.Build.0 = Debug|Any CPU
		{2D0D5BCA-3070-4283-BD49-979F8F10EC6A}.Debug|Any CPU.Deploy.0 = Debug|Any CPU
		{2D0D5BCA-3070-4283-BD49-979F8F10EC6A}.Debug|iPhone.ActiveCfg = Debug|Any CPU
		{2D0D5BCA-3070-4283-BD49-979F8F10EC6A}.Debug|iPhone.Build.0 = Debug|Any CPU
		{2D0D5BCA-3070-4283-BD49-979F8F10EC6A}.Debug|iPhone.Deploy.0 = Debug|Any CPU
		{2D0D5BCA-3070-4283-BD49-979F8F10EC6A}.Debug|iPhoneSimulator.ActiveCfg = Debug|Any CPU
		{2D0D5BCA-3070-4283-BD49-979F8F10EC6A}.Debug|iPhoneSimulator.Build.0 = Debug|Any CPU
		{2D0D5BCA-3070-4283-BD49-979F8F10EC6A}.Debug|iPhoneSimulator.Deploy.0 = Debug|Any CPU
		{2D0D5BCA-3070-4283-BD49-979F8F10EC6A}.Release|Any CPU.ActiveCfg = Release|Any CPU
		{2D0D5BCA-3070-4283-BD49-979F8F10EC6A}.Release|Any CPU.Build.0 = Release|Any CPU
		{2D0D5BCA-3070-4283-BD49-979F8F10EC6A}.Release|Any CPU.Deploy.0 = Release|Any CPU
		{2D0D5BCA-3070-4283-BD49-979F8F10EC6A}.Release|iPhone.ActiveCfg = Release|Any CPU
		{2D0D5BCA-3070-4283-BD49-979F8F10EC6A}.Release|iPhone.Build.0 = Release|Any CPU
		{2D0D5BCA-3070-4283-BD49-979F8F10EC6A}.Release|iPhone.Deploy.0 = Release|Any CPU
		{2D0D5BCA-3070-4283-BD49-979F8F10EC6A}.Release|iPhoneSimulator.ActiveCfg = Release|Any CPU
		{2D0D5BCA-3070-4283-BD49-979F8F10EC6A}.Release|iPhoneSimulator.Build.0 = Release|Any CPU
		{2D0D5BCA-3070-4283-BD49-979F8F10EC6A}.Release|iPhoneSimulator.Deploy.0 = Release|Any CPU
		{B01F5A71-8117-40EE-B9C5-D269AF31603A}.Ad-Hoc|Any CPU.ActiveCfg = Release|Any CPU
		{B01F5A71-8117-40EE-B9C5-D269AF31603A}.Ad-Hoc|Any CPU.Build.0 = Release|Any CPU
		{B01F5A71-8117-40EE-B9C5-D269AF31603A}.Ad-Hoc|iPhone.ActiveCfg = Release|Any CPU
		{B01F5A71-8117-40EE-B9C5-D269AF31603A}.Ad-Hoc|iPhone.Build.0 = Release|Any CPU
		{B01F5A71-8117-40EE-B9C5-D269AF31603A}.Ad-Hoc|iPhoneSimulator.ActiveCfg = Release|Any CPU
		{B01F5A71-8117-40EE-B9C5-D269AF31603A}.Ad-Hoc|iPhoneSimulator.Build.0 = Release|Any CPU
		{B01F5A71-8117-40EE-B9C5-D269AF31603A}.AppStore|Any CPU.ActiveCfg = Release|Any CPU
		{B01F5A71-8117-40EE-B9C5-D269AF31603A}.AppStore|Any CPU.Build.0 = Release|Any CPU
		{B01F5A71-8117-40EE-B9C5-D269AF31603A}.AppStore|iPhone.ActiveCfg = Release|Any CPU
		{B01F5A71-8117-40EE-B9C5-D269AF31603A}.AppStore|iPhone.Build.0 = Release|Any CPU
		{B01F5A71-8117-40EE-B9C5-D269AF31603A}.AppStore|iPhoneSimulator.ActiveCfg = Release|Any CPU
		{B01F5A71-8117-40EE-B9C5-D269AF31603A}.AppStore|iPhoneSimulator.Build.0 = Release|Any CPU
		{B01F5A71-8117-40EE-B9C5-D269AF31603A}.Debug|Any CPU.ActiveCfg = Debug|Any CPU
		{B01F5A71-8117-40EE-B9C5-D269AF31603A}.Debug|Any CPU.Build.0 = Debug|Any CPU
		{B01F5A71-8117-40EE-B9C5-D269AF31603A}.Debug|iPhone.ActiveCfg = Debug|Any CPU
		{B01F5A71-8117-40EE-B9C5-D269AF31603A}.Debug|iPhone.Build.0 = Debug|Any CPU
		{B01F5A71-8117-40EE-B9C5-D269AF31603A}.Debug|iPhoneSimulator.ActiveCfg = Debug|Any CPU
		{B01F5A71-8117-40EE-B9C5-D269AF31603A}.Debug|iPhoneSimulator.Build.0 = Debug|Any CPU
		{B01F5A71-8117-40EE-B9C5-D269AF31603A}.Release|Any CPU.ActiveCfg = Release|Any CPU
		{B01F5A71-8117-40EE-B9C5-D269AF31603A}.Release|Any CPU.Build.0 = Release|Any CPU
		{B01F5A71-8117-40EE-B9C5-D269AF31603A}.Release|iPhone.ActiveCfg = Release|Any CPU
		{B01F5A71-8117-40EE-B9C5-D269AF31603A}.Release|iPhone.Build.0 = Release|Any CPU
		{B01F5A71-8117-40EE-B9C5-D269AF31603A}.Release|iPhoneSimulator.ActiveCfg = Release|Any CPU
		{B01F5A71-8117-40EE-B9C5-D269AF31603A}.Release|iPhoneSimulator.Build.0 = Release|Any CPU
		{93B6CFEC-3932-496C-933E-A08800660DE2}.Ad-Hoc|Any CPU.ActiveCfg = Release|Any CPU
		{93B6CFEC-3932-496C-933E-A08800660DE2}.Ad-Hoc|Any CPU.Build.0 = Release|Any CPU
		{93B6CFEC-3932-496C-933E-A08800660DE2}.Ad-Hoc|iPhone.ActiveCfg = Release|Any CPU
		{93B6CFEC-3932-496C-933E-A08800660DE2}.Ad-Hoc|iPhone.Build.0 = Release|Any CPU
		{93B6CFEC-3932-496C-933E-A08800660DE2}.Ad-Hoc|iPhoneSimulator.ActiveCfg = Release|Any CPU
		{93B6CFEC-3932-496C-933E-A08800660DE2}.Ad-Hoc|iPhoneSimulator.Build.0 = Release|Any CPU
		{93B6CFEC-3932-496C-933E-A08800660DE2}.AppStore|Any CPU.ActiveCfg = Release|Any CPU
		{93B6CFEC-3932-496C-933E-A08800660DE2}.AppStore|Any CPU.Build.0 = Release|Any CPU
		{93B6CFEC-3932-496C-933E-A08800660DE2}.AppStore|iPhone.ActiveCfg = Release|Any CPU
		{93B6CFEC-3932-496C-933E-A08800660DE2}.AppStore|iPhone.Build.0 = Release|Any CPU
		{93B6CFEC-3932-496C-933E-A08800660DE2}.AppStore|iPhoneSimulator.ActiveCfg = Release|Any CPU
		{93B6CFEC-3932-496C-933E-A08800660DE2}.AppStore|iPhoneSimulator.Build.0 = Release|Any CPU
		{93B6CFEC-3932-496C-933E-A08800660DE2}.Debug|Any CPU.ActiveCfg = Debug|Any CPU
		{93B6CFEC-3932-496C-933E-A08800660DE2}.Debug|Any CPU.Build.0 = Debug|Any CPU
		{93B6CFEC-3932-496C-933E-A08800660DE2}.Debug|iPhone.ActiveCfg = Debug|Any CPU
		{93B6CFEC-3932-496C-933E-A08800660DE2}.Debug|iPhone.Build.0 = Debug|Any CPU
		{93B6CFEC-3932-496C-933E-A08800660DE2}.Debug|iPhoneSimulator.ActiveCfg = Debug|Any CPU
		{93B6CFEC-3932-496C-933E-A08800660DE2}.Debug|iPhoneSimulator.Build.0 = Debug|Any CPU
		{93B6CFEC-3932-496C-933E-A08800660DE2}.Release|Any CPU.ActiveCfg = Release|Any CPU
		{93B6CFEC-3932-496C-933E-A08800660DE2}.Release|Any CPU.Build.0 = Release|Any CPU
		{93B6CFEC-3932-496C-933E-A08800660DE2}.Release|iPhone.ActiveCfg = Release|Any CPU
		{93B6CFEC-3932-496C-933E-A08800660DE2}.Release|iPhone.Build.0 = Release|Any CPU
		{93B6CFEC-3932-496C-933E-A08800660DE2}.Release|iPhoneSimulator.ActiveCfg = Release|Any CPU
		{93B6CFEC-3932-496C-933E-A08800660DE2}.Release|iPhoneSimulator.Build.0 = Release|Any CPU
		{1DAE855D-6A41-401D-A7B5-EB0BC087CB01}.Ad-Hoc|Any CPU.ActiveCfg = Release|Any CPU
		{1DAE855D-6A41-401D-A7B5-EB0BC087CB01}.Ad-Hoc|Any CPU.Build.0 = Release|Any CPU
		{1DAE855D-6A41-401D-A7B5-EB0BC087CB01}.Ad-Hoc|iPhone.ActiveCfg = Release|Any CPU
		{1DAE855D-6A41-401D-A7B5-EB0BC087CB01}.Ad-Hoc|iPhone.Build.0 = Release|Any CPU
		{1DAE855D-6A41-401D-A7B5-EB0BC087CB01}.Ad-Hoc|iPhoneSimulator.ActiveCfg = Release|Any CPU
		{1DAE855D-6A41-401D-A7B5-EB0BC087CB01}.Ad-Hoc|iPhoneSimulator.Build.0 = Release|Any CPU
		{1DAE855D-6A41-401D-A7B5-EB0BC087CB01}.AppStore|Any CPU.ActiveCfg = Release|Any CPU
		{1DAE855D-6A41-401D-A7B5-EB0BC087CB01}.AppStore|Any CPU.Build.0 = Release|Any CPU
		{1DAE855D-6A41-401D-A7B5-EB0BC087CB01}.AppStore|iPhone.ActiveCfg = Release|Any CPU
		{1DAE855D-6A41-401D-A7B5-EB0BC087CB01}.AppStore|iPhone.Build.0 = Release|Any CPU
		{1DAE855D-6A41-401D-A7B5-EB0BC087CB01}.AppStore|iPhoneSimulator.ActiveCfg = Release|Any CPU
		{1DAE855D-6A41-401D-A7B5-EB0BC087CB01}.AppStore|iPhoneSimulator.Build.0 = Release|Any CPU
		{1DAE855D-6A41-401D-A7B5-EB0BC087CB01}.Debug|Any CPU.ActiveCfg = Debug|Any CPU
		{1DAE855D-6A41-401D-A7B5-EB0BC087CB01}.Debug|Any CPU.Build.0 = Debug|Any CPU
		{1DAE855D-6A41-401D-A7B5-EB0BC087CB01}.Debug|iPhone.ActiveCfg = Debug|Any CPU
		{1DAE855D-6A41-401D-A7B5-EB0BC087CB01}.Debug|iPhone.Build.0 = Debug|Any CPU
		{1DAE855D-6A41-401D-A7B5-EB0BC087CB01}.Debug|iPhoneSimulator.ActiveCfg = Debug|Any CPU
		{1DAE855D-6A41-401D-A7B5-EB0BC087CB01}.Debug|iPhoneSimulator.Build.0 = Debug|Any CPU
		{1DAE855D-6A41-401D-A7B5-EB0BC087CB01}.Release|Any CPU.ActiveCfg = Release|Any CPU
		{1DAE855D-6A41-401D-A7B5-EB0BC087CB01}.Release|Any CPU.Build.0 = Release|Any CPU
		{1DAE855D-6A41-401D-A7B5-EB0BC087CB01}.Release|iPhone.ActiveCfg = Release|Any CPU
		{1DAE855D-6A41-401D-A7B5-EB0BC087CB01}.Release|iPhone.Build.0 = Release|Any CPU
		{1DAE855D-6A41-401D-A7B5-EB0BC087CB01}.Release|iPhoneSimulator.ActiveCfg = Release|Any CPU
		{1DAE855D-6A41-401D-A7B5-EB0BC087CB01}.Release|iPhoneSimulator.Build.0 = Release|Any CPU
	EndGlobalSection
	GlobalSection(SolutionProperties) = preSolution
		HideSolutionNode = FALSE
	EndGlobalSection
	GlobalSection(ExtensibilityGlobals) = postSolution
		SolutionGuid = {F21F1B71-E201-44E3-BC64-B20BD1A5D1BC}
	EndGlobalSection
EndGlobal
